
Microsoft Visual Studio Solution File, Format Version 12.00
Project("{FAE04EC0-301F-11D3-BF4B-00C04F79EFBC}") = "WebApi", "WebApi\WebApi.csproj", "{13995702-1C98-4DA7-B65A-D83FC47E58AD}"
EndProject
Project("{FAE04EC0-301F-11D3-BF4B-00C04F79EFBC}") = "Domain", "Domain\Domain.csproj", "{7FAD3E0B-22F6-4429-8014-95A3B981E1F0}"
EndProject
Project("{FAE04EC0-301F-11D3-BF4B-00C04F79EFBC}") = "Infrastructure", "Infrastructure\Infrastructure.csproj", "{DDEF476D-6563-4150-96DA-4014A7DE96FF}"
EndProject
Project("{FAE04EC0-301F-11D3-BF4B-00C04F79EFBC}") = "Features", "Features\Features.csproj", "{DB9EBDA6-3DE0-43D1-BA05-8EF27DE74722}"
EndProject
Global
	GlobalSection(SolutionConfigurationPlatforms) = preSolution
		Debug|Any CPU = Debug|Any CPU
		Release|Any CPU = Release|Any CPU
	EndGlobalSection
	GlobalSection(ProjectConfigurationPlatforms) = postSolution
		{13995702-1C98-4DA7-B65A-D83FC47E58AD}.Debug|Any CPU.ActiveCfg = Debug|Any CPU
		{13995702-1C98-4DA7-B65A-D83FC47E58AD}.Debug|Any CPU.Build.0 = Debug|Any CPU
		{13995702-1C98-4DA7-B65A-D83FC47E58AD}.Release|Any CPU.ActiveCfg = Release|Any CPU
		{13995702-1C98-4DA7-B65A-D83FC47E58AD}.Release|Any CPU.Build.0 = Release|Any CPU
		{7FAD3E0B-22F6-4429-8014-95A3B981E1F0}.Debug|Any CPU.ActiveCfg = Debug|Any CPU
		{7FAD3E0B-22F6-4429-8014-95A3B981E1F0}.Debug|Any CPU.Build.0 = Debug|Any CPU
		{7FAD3E0B-22F6-4429-8014-95A3B981E1F0}.Release|Any CPU.ActiveCfg = Release|Any CPU
		{7FAD3E0B-22F6-4429-8014-95A3B981E1F0}.Release|Any CPU.Build.0 = Release|Any CPU
		{DDEF476D-6563-4150-96DA-4014A7DE96FF}.Debug|Any CPU.ActiveCfg = Debug|Any CPU
		{DDEF476D-6563-4150-96DA-4014A7DE96FF}.Debug|Any CPU.Build.0 = Debug|Any CPU
		{DDEF476D-6563-4150-96DA-4014A7DE96FF}.Release|Any CPU.ActiveCfg = Release|Any CPU
		{DDEF476D-6563-4150-96DA-4014A7DE96FF}.Release|Any CPU.Build.0 = Release|Any CPU
		{DB9EBDA6-3DE0-43D1-BA05-8EF27DE74722}.Debug|Any CPU.ActiveCfg = Debug|Any CPU
		{DB9EBDA6-3DE0-43D1-BA05-8EF27DE74722}.Debug|Any CPU.Build.0 = Debug|Any CPU
		{DB9EBDA6-3DE0-43D1-BA05-8EF27DE74722}.Release|Any CPU.ActiveCfg = Release|Any CPU
		{DB9EBDA6-3DE0-43D1-BA05-8EF27DE74722}.Release|Any CPU.Build.0 = Release|Any CPU
	EndGlobalSection
EndGlobal
